
Microsoft Visual Studio Solution File, Format Version 12.00
# Visual Studio Version 17
VisualStudioVersion = 17.9.34607.119
MinimumVisualStudioVersion = 10.0.40219.1
Project("{FAE04EC0-301F-11D3-BF4B-00C04F79EFBC}") = "Hotel Management System", "Hotel Management System.csproj", "{700FC031-E907-443E-8F48-441A78EB2341}"
EndProject
Global
	GlobalSection(SolutionConfigurationPlatforms) = preSolution
		Debug|Any CPU = Debug|Any CPU
		Release|Any CPU = Release|Any CPU
	EndGlobalSection
	GlobalSection(ProjectConfigurationPlatforms) = postSolution
		{700FC031-E907-443E-8F48-441A78EB2341}.Debug|Any CPU.ActiveCfg = Debug|Any CPU
		{700FC031-E907-443E-8F48-441A78EB2341}.Debug|Any CPU.Build.0 = Debug|Any CPU
		{700FC031-E907-443E-8F48-441A78EB2341}.Release|Any CPU.ActiveCfg = Release|Any CPU
		{700FC031-E907-443E-8F48-441A78EB2341}.Release|Any CPU.Build.0 = Release|Any CPU
	EndGlobalSection
	GlobalSection(SolutionProperties) = preSolution
		HideSolutionNode = FALSE
	EndGlobalSection
	GlobalSection(ExtensibilityGlobals) = postSolution
		SolutionGuid = {0ECD2820-AD8F-405C-A341-CC8B5551B8CB}
	EndGlobalSection
EndGlobal
